{
  "name": "SuperMarioBro",
  "version": "3.6.1",
  "lockfileVersion": 2,
  "requires": true,
  "packages": {
    "": {
      "name": "SuperMarioBro",
      "version": "3.6.1",
      "dependencies": {
        "event-emitter3": "^1.0.4",
        "mobx": "^6.13.0"
      }
    },
    "node_modules/event-emitter3": {
      "version": "1.0.4",
      "resolved": "https://registry.npmmirror.com/event-emitter3/-/event-emitter3-1.0.4.tgz",
      "integrity": "sha512-4BYGaLVnHPjuFuzQka8NOjUy48esIQ1Wb5alv78AHYVQcNRU1Nt8aBemzyYuG9awwd4hry1yPQBjkUqVA6FUmg=="
    },
    "node_modules/mobx": {
      "version": "6.13.0",
      "resolved": "https://registry.npmmirror.com/mobx/-/mobx-6.13.0.tgz",
      "integrity": "sha512-1laWODrBWmB7mDJ8EClCjUQTyLwJ0ydJgE4FtK7t9r3JnjXgc9OhmYs2P4RtHrY1co5+4T6cKP2UswX2SU29mA==",
      "funding": {
        "type": "opencollective",
        "url": "https://opencollective.com/mobx"
      }
    }
  },
  "dependencies": {
    "event-emitter3": {
      "version": "1.0.4",
      "resolved": "https://registry.npmmirror.com/event-emitter3/-/event-emitter3-1.0.4.tgz",
      "integrity": "sha512-4BYGaLVnHPjuFuzQka8NOjUy48esIQ1Wb5alv78AHYVQcNRU1Nt8aBemzyYuG9awwd4hry1yPQBjkUqVA6FUmg=="
    },
    "mobx": {
      "version": "6.13.0",
      "resolved": "https://registry.npmmirror.com/mobx/-/mobx-6.13.0.tgz",
      "integrity": "sha512-1laWODrBWmB7mDJ8EClCjUQTyLwJ0ydJgE4FtK7t9r3JnjXgc9OhmYs2P4RtHrY1co5+4T6cKP2UswX2SU29mA=="
    }
  }
}
